
Microsoft Visual Studio Solution File, Format Version 12.00
# Visual Studio Version 17
VisualStudioVersion = 17.4.33122.133
MinimumVisualStudioVersion = 10.0.40219.1
Project("{9A19103F-16F7-4668-BE54-9A1E7A4F7556}") = "WebFeuters", "WebFeuters\WebFeuters.csproj", "{9B6FF077-BE97-4D0B-AAE0-8E823A09AFD6}"
EndProject
Project("{FAE04EC0-301F-11D3-BF4B-00C04F79EFBC}") = "SomeFeaturesProject", "SomeFeaturesProject\SomeFeaturesProject.csproj", "{2AF02E97-BCB0-4E32-AFF7-AE3728691CC1}"
EndProject
Global
	GlobalSection(SolutionConfigurationPlatforms) = preSolution
		Debug|Any CPU = Debug|Any CPU
		Release|Any CPU = Release|Any CPU
	EndGlobalSection
	GlobalSection(ProjectConfigurationPlatforms) = postSolution
		{9B6FF077-BE97-4D0B-AAE0-8E823A09AFD6}.Debug|Any CPU.ActiveCfg = Debug|Any CPU
		{9B6FF077-BE97-4D0B-AAE0-8E823A09AFD6}.Debug|Any CPU.Build.0 = Debug|Any CPU
		{9B6FF077-BE97-4D0B-AAE0-8E823A09AFD6}.Release|Any CPU.ActiveCfg = Release|Any CPU
		{9B6FF077-BE97-4D0B-AAE0-8E823A09AFD6}.Release|Any CPU.Build.0 = Release|Any CPU
		{2AF02E97-BCB0-4E32-AFF7-AE3728691CC1}.Debug|Any CPU.ActiveCfg = Debug|Any CPU
		{2AF02E97-BCB0-4E32-AFF7-AE3728691CC1}.Debug|Any CPU.Build.0 = Debug|Any CPU
		{2AF02E97-BCB0-4E32-AFF7-AE3728691CC1}.Release|Any CPU.ActiveCfg = Release|Any CPU
		{2AF02E97-BCB0-4E32-AFF7-AE3728691CC1}.Release|Any CPU.Build.0 = Release|Any CPU
	EndGlobalSection
	GlobalSection(SolutionProperties) = preSolution
		HideSolutionNode = FALSE
	EndGlobalSection
	GlobalSection(ExtensibilityGlobals) = postSolution
		SolutionGuid = {004D6BFC-2F6F-4324-9727-5EF0DDA32A94}
	EndGlobalSection
EndGlobal
