
Microsoft Visual Studio Solution File, Format Version 12.00
# Visual Studio Version 16
VisualStudioVersion = 16.0.30717.126
MinimumVisualStudioVersion = 10.0.40219.1
Project("{9A19103F-16F7-4668-BE54-9A1E7A4F7556}") = "AllWebFeatures", "AllWebFeatures\AllWebFeatures.csproj", "{60402668-A05D-4314-8F58-C8D17BB16079}"
EndProject
Project("{9A19103F-16F7-4668-BE54-9A1E7A4F7556}") = "SomeFeaturesProject", "SomeFeaturesProject\SomeFeaturesProject.csproj", "{5086BC03-5AA9-4292-8517-DAF1432A43A7}"
EndProject
Project("{FAE04EC0-301F-11D3-BF4B-00C04F79EFBC}") = "ModelsProject", "ModelsProject\ModelsProject.csproj", "{BC4C3E9F-6E94-44E3-93F1-F540D2BD7620}"
EndProject
Global
	GlobalSection(SolutionConfigurationPlatforms) = preSolution
		Debug|Any CPU = Debug|Any CPU
		Release|Any CPU = Release|Any CPU
	EndGlobalSection
	GlobalSection(ProjectConfigurationPlatforms) = postSolution
		{60402668-A05D-4314-8F58-C8D17BB16079}.Debug|Any CPU.ActiveCfg = Debug|Any CPU
		{60402668-A05D-4314-8F58-C8D17BB16079}.Debug|Any CPU.Build.0 = Debug|Any CPU
		{60402668-A05D-4314-8F58-C8D17BB16079}.Release|Any CPU.ActiveCfg = Release|Any CPU
		{60402668-A05D-4314-8F58-C8D17BB16079}.Release|Any CPU.Build.0 = Release|Any CPU
		{5086BC03-5AA9-4292-8517-DAF1432A43A7}.Debug|Any CPU.ActiveCfg = Debug|Any CPU
		{5086BC03-5AA9-4292-8517-DAF1432A43A7}.Debug|Any CPU.Build.0 = Debug|Any CPU
		{5086BC03-5AA9-4292-8517-DAF1432A43A7}.Release|Any CPU.ActiveCfg = Release|Any CPU
		{5086BC03-5AA9-4292-8517-DAF1432A43A7}.Release|Any CPU.Build.0 = Release|Any CPU
		{BC4C3E9F-6E94-44E3-93F1-F540D2BD7620}.Debug|Any CPU.ActiveCfg = Debug|Any CPU
		{BC4C3E9F-6E94-44E3-93F1-F540D2BD7620}.Debug|Any CPU.Build.0 = Debug|Any CPU
		{BC4C3E9F-6E94-44E3-93F1-F540D2BD7620}.Release|Any CPU.ActiveCfg = Release|Any CPU
		{BC4C3E9F-6E94-44E3-93F1-F540D2BD7620}.Release|Any CPU.Build.0 = Release|Any CPU
	EndGlobalSection
	GlobalSection(SolutionProperties) = preSolution
		HideSolutionNode = FALSE
	EndGlobalSection
	GlobalSection(ExtensibilityGlobals) = postSolution
		SolutionGuid = {F82B9AFA-D8FF-41C8-9396-31252CFAAE1D}
	EndGlobalSection
EndGlobal
